{
  "name": "util-files",
  "requires": true,
  "lockfileVersion": 1,
  "dependencies": {
    "flow-bin": {
      "version": "0.118.0",
      "resolved": "https://registry.npmjs.org/flow-bin/-/flow-bin-0.118.0.tgz",
      "integrity": "sha512-jlbUu0XkbpXeXhan5xyTqVK1jmEKNxE8hpzznI3TThHTr76GiFwK0iRzhDo4KNy+S9h/KxHaqVhTP86vA6wHCg==",
      "dev": true
    }
  }
}
